
Microsoft Visual Studio Solution File, Format Version 12.00
# Visual Studio Version 16
VisualStudioVersion = 16.0.31402.337
MinimumVisualStudioVersion = 10.0.40219.1
Project("{9A19103F-16F7-4668-BE54-9A1E7A4F7556}") = "EventHubMessageProducreSASToken", "EventHubMessageProducreSASToken\EventHubMessageProducreSASToken.csproj", "{7D16D079-A5D3-458B-8508-7F2C7578A391}"
EndProject
Project("{FAE04EC0-301F-11D3-BF4B-00C04F79EFBC}") = "ServiceBusMessageProducerSASToken", "ServiceBusMessageProducerSASToken\ServiceBusMessageProducerSASToken.csproj", "{63B46357-E5AC-4186-A05B-78DF47614D55}"
EndProject
Project("{FAE04EC0-301F-11D3-BF4B-00C04F79EFBC}") = "MessageConsumers", "MessageConsumers\MessageConsumers.csproj", "{20C727EA-A686-4E8C-9F53-2875F4683472}"
EndProject
Global
	GlobalSection(SolutionConfigurationPlatforms) = preSolution
		Debug|Any CPU = Debug|Any CPU
		Release|Any CPU = Release|Any CPU
	EndGlobalSection
	GlobalSection(ProjectConfigurationPlatforms) = postSolution
		{7D16D079-A5D3-458B-8508-7F2C7578A391}.Debug|Any CPU.ActiveCfg = Debug|Any CPU
		{7D16D079-A5D3-458B-8508-7F2C7578A391}.Debug|Any CPU.Build.0 = Debug|Any CPU
		{7D16D079-A5D3-458B-8508-7F2C7578A391}.Release|Any CPU.ActiveCfg = Release|Any CPU
		{7D16D079-A5D3-458B-8508-7F2C7578A391}.Release|Any CPU.Build.0 = Release|Any CPU
		{63B46357-E5AC-4186-A05B-78DF47614D55}.Debug|Any CPU.ActiveCfg = Debug|Any CPU
		{63B46357-E5AC-4186-A05B-78DF47614D55}.Debug|Any CPU.Build.0 = Debug|Any CPU
		{63B46357-E5AC-4186-A05B-78DF47614D55}.Release|Any CPU.ActiveCfg = Release|Any CPU
		{63B46357-E5AC-4186-A05B-78DF47614D55}.Release|Any CPU.Build.0 = Release|Any CPU
		{20C727EA-A686-4E8C-9F53-2875F4683472}.Debug|Any CPU.ActiveCfg = Debug|Any CPU
		{20C727EA-A686-4E8C-9F53-2875F4683472}.Debug|Any CPU.Build.0 = Debug|Any CPU
		{20C727EA-A686-4E8C-9F53-2875F4683472}.Release|Any CPU.ActiveCfg = Release|Any CPU
		{20C727EA-A686-4E8C-9F53-2875F4683472}.Release|Any CPU.Build.0 = Release|Any CPU
	EndGlobalSection
	GlobalSection(SolutionProperties) = preSolution
		HideSolutionNode = FALSE
	EndGlobalSection
	GlobalSection(ExtensibilityGlobals) = postSolution
		SolutionGuid = {228A710F-2E92-48FC-A271-BF08CA4D7391}
	EndGlobalSection
EndGlobal
